
Microsoft Visual Studio Solution File, Format Version 12.00
# Visual Studio Version 17
VisualStudioVersion = 17.4.33213.308
MinimumVisualStudioVersion = 10.0.40219.1
Project("{FAE04EC0-301F-11D3-BF4B-00C04F79EFBC}") = "BakeryKK", "BakeryKK\BakeryKK.csproj", "{18331C33-39D4-4E57-B89B-B4A400B923BE}"
EndProject
Global
	GlobalSection(SolutionConfigurationPlatforms) = preSolution
		Debug|Any CPU = Debug|Any CPU
		Release|Any CPU = Release|Any CPU
	EndGlobalSection
	GlobalSection(ProjectConfigurationPlatforms) = postSolution
		{18331C33-39D4-4E57-B89B-B4A400B923BE}.Debug|Any CPU.ActiveCfg = Debug|Any CPU
		{18331C33-39D4-4E57-B89B-B4A400B923BE}.Debug|Any CPU.Build.0 = Debug|Any CPU
		{18331C33-39D4-4E57-B89B-B4A400B923BE}.Release|Any CPU.ActiveCfg = Release|Any CPU
		{18331C33-39D4-4E57-B89B-B4A400B923BE}.Release|Any CPU.Build.0 = Release|Any CPU
	EndGlobalSection
	GlobalSection(SolutionProperties) = preSolution
		HideSolutionNode = FALSE
	EndGlobalSection
	GlobalSection(ExtensibilityGlobals) = postSolution
		SolutionGuid = {664C6AFC-B4FE-4FA8-A9B9-A7B7AEF29428}
	EndGlobalSection
EndGlobal
